
Microsoft Visual Studio Solution File, Format Version 11.00
# Visual Studio 2010
Project("{FAE04EC0-301F-11D3-BF4B-00C04F79EFBC}") = "Hati", "Assembly-CSharp.csproj", "{99CFB5E7-CE37-F5A9-EAB2-E6C82F4EF87C}"
EndProject
Project("{FAE04EC0-301F-11D3-BF4B-00C04F79EFBC}") = "Hati", "Assembly-CSharp-Editor.csproj", "{4D452A5E-F430-E16F-23B4-B06AAC8135B9}"
EndProject
Project("{689E4A6C-EC18-CDEB-9DB3-7FD18782A23D}") = "Hati", "Assembly-UnityScript.unityproj", "{7EA015D8-A88F-EFF0-C517-18C3EB8F6B83}"
EndProject
Global
	GlobalSection(SolutionConfigurationPlatforms) = preSolution
		Debug|Any CPU = Debug|Any CPU
		Release|Any CPU = Release|Any CPU
	EndGlobalSection
	GlobalSection(ProjectConfigurationPlatforms) = postSolution
		{99CFB5E7-CE37-F5A9-EAB2-E6C82F4EF87C}.Debug|Any CPU.ActiveCfg = Debug|Any CPU
		{99CFB5E7-CE37-F5A9-EAB2-E6C82F4EF87C}.Debug|Any CPU.Build.0 = Debug|Any CPU
		{99CFB5E7-CE37-F5A9-EAB2-E6C82F4EF87C}.Release|Any CPU.ActiveCfg = Release|Any CPU
		{99CFB5E7-CE37-F5A9-EAB2-E6C82F4EF87C}.Release|Any CPU.Build.0 = Release|Any CPU
		{4D452A5E-F430-E16F-23B4-B06AAC8135B9}.Debug|Any CPU.ActiveCfg = Debug|Any CPU
		{4D452A5E-F430-E16F-23B4-B06AAC8135B9}.Debug|Any CPU.Build.0 = Debug|Any CPU
		{4D452A5E-F430-E16F-23B4-B06AAC8135B9}.Release|Any CPU.ActiveCfg = Release|Any CPU
		{4D452A5E-F430-E16F-23B4-B06AAC8135B9}.Release|Any CPU.Build.0 = Release|Any CPU
		{7EA015D8-A88F-EFF0-C517-18C3EB8F6B83}.Debug|Any CPU.ActiveCfg = Debug|Any CPU
		{7EA015D8-A88F-EFF0-C517-18C3EB8F6B83}.Debug|Any CPU.Build.0 = Debug|Any CPU
		{7EA015D8-A88F-EFF0-C517-18C3EB8F6B83}.Release|Any CPU.ActiveCfg = Release|Any CPU
		{7EA015D8-A88F-EFF0-C517-18C3EB8F6B83}.Release|Any CPU.Build.0 = Release|Any CPU
	EndGlobalSection
	GlobalSection(SolutionProperties) = preSolution
		HideSolutionNode = FALSE
	EndGlobalSection
	GlobalSection(MonoDevelopProperties) = preSolution
		StartupItem = Assembly-CSharp.csproj
	EndGlobalSection
EndGlobal
